
Microsoft Visual Studio Solution File, Format Version 12.00
# Visual Studio Version 17
VisualStudioVersion = 17.0.32112.339
MinimumVisualStudioVersion = 10.0.40219.1
Project("{FAE04EC0-301F-11D3-BF4B-00C04F79EFBC}") = "PlayerList", "PlayerList.csproj", "{4345CA25-7704-4E3E-9B97-6F1BA833417C}"
EndProject
Global
	GlobalSection(SolutionConfigurationPlatforms) = preSolution
		Debug|Any CPU = Debug|Any CPU
		Release|Any CPU = Release|Any CPU
	EndGlobalSection
	GlobalSection(ProjectConfigurationPlatforms) = postSolution
		{4345CA25-7704-4E3E-9B97-6F1BA833417C}.Debug|Any CPU.ActiveCfg = Debug|Any CPU
		{4345CA25-7704-4E3E-9B97-6F1BA833417C}.Debug|Any CPU.Build.0 = Debug|Any CPU
		{4345CA25-7704-4E3E-9B97-6F1BA833417C}.Release|Any CPU.ActiveCfg = Release|Any CPU
		{4345CA25-7704-4E3E-9B97-6F1BA833417C}.Release|Any CPU.Build.0 = Release|Any CPU
	EndGlobalSection
	GlobalSection(SolutionProperties) = preSolution
		HideSolutionNode = FALSE
	EndGlobalSection
	GlobalSection(ExtensibilityGlobals) = postSolution
		SolutionGuid = {CF59FD42-106A-47EE-A7EF-57046B3F3141}
	EndGlobalSection
EndGlobal
